
Microsoft Visual Studio Solution File, Format Version 12.00
# Visual Studio 15
VisualStudioVersion = 15.0.26730.16
MinimumVisualStudioVersion = 10.0.40219.1
Project("{FAE04EC0-301F-11D3-BF4B-00C04F79EFBC}") = "MarkdownMail", "MarkdownMail\MarkdownMail.csproj", "{DBD7746F-0A51-453A-996F-2D267DC15863}"
EndProject
Global
	GlobalSection(SolutionConfigurationPlatforms) = preSolution
		Debug|ARM = Debug|ARM
		Debug|x64 = Debug|x64
		Debug|x86 = Debug|x86
		Release|ARM = Release|ARM
		Release|x64 = Release|x64
		Release|x86 = Release|x86
	EndGlobalSection
	GlobalSection(ProjectConfigurationPlatforms) = postSolution
		{DBD7746F-0A51-453A-996F-2D267DC15863}.Debug|ARM.ActiveCfg = Debug|ARM
		{DBD7746F-0A51-453A-996F-2D267DC15863}.Debug|ARM.Build.0 = Debug|ARM
		{DBD7746F-0A51-453A-996F-2D267DC15863}.Debug|ARM.Deploy.0 = Debug|ARM
		{DBD7746F-0A51-453A-996F-2D267DC15863}.Debug|x64.ActiveCfg = Debug|x64
		{DBD7746F-0A51-453A-996F-2D267DC15863}.Debug|x64.Build.0 = Debug|x64
		{DBD7746F-0A51-453A-996F-2D267DC15863}.Debug|x64.Deploy.0 = Debug|x64
		{DBD7746F-0A51-453A-996F-2D267DC15863}.Debug|x86.ActiveCfg = Debug|x86
		{DBD7746F-0A51-453A-996F-2D267DC15863}.Debug|x86.Build.0 = Debug|x86
		{DBD7746F-0A51-453A-996F-2D267DC15863}.Debug|x86.Deploy.0 = Debug|x86
		{DBD7746F-0A51-453A-996F-2D267DC15863}.Release|ARM.ActiveCfg = Release|ARM
		{DBD7746F-0A51-453A-996F-2D267DC15863}.Release|ARM.Build.0 = Release|ARM
		{DBD7746F-0A51-453A-996F-2D267DC15863}.Release|ARM.Deploy.0 = Release|ARM
		{DBD7746F-0A51-453A-996F-2D267DC15863}.Release|x64.ActiveCfg = Release|x64
		{DBD7746F-0A51-453A-996F-2D267DC15863}.Release|x64.Build.0 = Release|x64
		{DBD7746F-0A51-453A-996F-2D267DC15863}.Release|x64.Deploy.0 = Release|x64
		{DBD7746F-0A51-453A-996F-2D267DC15863}.Release|x86.ActiveCfg = Release|x86
		{DBD7746F-0A51-453A-996F-2D267DC15863}.Release|x86.Build.0 = Release|x86
		{DBD7746F-0A51-453A-996F-2D267DC15863}.Release|x86.Deploy.0 = Release|x86
	EndGlobalSection
	GlobalSection(SolutionProperties) = preSolution
		HideSolutionNode = FALSE
	EndGlobalSection
	GlobalSection(ExtensibilityGlobals) = postSolution
		SolutionGuid = {86A11A10-44C6-40EC-8DB3-0545F8760FDF}
	EndGlobalSection
EndGlobal
